// !$*UTF8*$!
{
	archiveVersion = 1;
	classes = {
	};
	objectVersion = 46;
	objects = {

/* Begin PBXBuildFile section */
		7A0C01411E5E1D2400175561 /* AppDelegate.swift in Sources */ = {isa = PBXBuildFile; fileRef = 7A0C01401E5E1D2400175561 /* AppDelegate.swift */; };
		7A0C01431E5E1D2400175561 /* ViewController.swift in Sources */ = {isa = PBXBuildFile; fileRef = 7A0C01421E5E1D2400175561 /* ViewController.swift */; };
		7A0C01461E5E1D2400175561 /* Main.storyboard in Resources */ = {isa = PBXBuildFile; fileRef = 7A0C01441E5E1D2400175561 /* Main.storyboard */; };
		7A0C01481E5E1D2400175561 /* Assets.xcassets in Resources */ = {isa = PBXBuildFile; fileRef = 7A0C01471E5E1D2400175561 /* Assets.xcassets */; };
		7A0C014B1E5E1D2400175561 /* LaunchScreen.storyboard in Resources */ = {isa = PBXBuildFile; fileRef = 7A0C01491E5E1D2400175561 /* LaunchScreen.storyboard */; };
		7A0C01561E5E1D2400175561 /* testTests.swift in Sources */ = {isa = PBXBuildFile; fileRef = 7A0C01551E5E1D2400175561 /* testTests.swift */; };
		7A0C01611E5E1D2400175561 /* testUITests.swift in Sources */ = {isa = PBXBuildFile; fileRef = 7A0C01601E5E1D2400175561 /* testUITests.swift */; };
/* End PBXBuildFile section */

/* Begin PBXContainerItemProxy section */
		7A0C01521E5E1D2400175561 /* PBXContainerItemProxy */ = {
			isa = PBXContainerItemProxy;
			containerPortal = 7A0C01351E5E1D2400175561 /* Project object */;
			proxyType = 1;
			remoteGlobalIDString = 7A0C013C1E5E1D2400175561;
			remoteInfo = test;
		};
		7A0C015D1E5E1D2400175561 /* PBXContainerItemProxy */ = {
			isa = PBXContainerItemProxy;
			containerPortal = 7A0C01351E5E1D2400175561 /* Project object */;
			proxyType = 1;
			remoteGlobalIDString = 7A0C013C1E5E1D2400175561;
			remoteInfo = test;
		};
/* End PBXContainerItemProxy section */

/* Begin PBXFileReference section */
		7A0C013D1E5E1D2400175561 /* test.app */ = {isa = PBXFileReference; explicitFileType = wrapper.application; includeInIndex = 0; path = test.app; sourceTree = BUILT_PRODUCTS_DIR; };
		7A0C01401E5E1D2400175561 /* AppDelegate.swift */ = {isa = PBXFileReference; lastKnownFileType = sourcecode.swift; path = AppDelegate.swift; sourceTree = "<group>"; };
		7A0C01421E5E1D2400175561 /* ViewController.swift */ = {isa = PBXFileReference; lastKnownFileType = sourcecode.swift; path = ViewController.swift; sourceTree = "<group>"; };
		7A0C01451E5E1D2400175561 /* Base */ = {isa = PBXFileReference; lastKnownFileType = file.storyboard; name = Base; path = Base.lproj/Main.storyboard; sourceTree = "<group>"; };
		7A0C01471E5E1D2400175561 /* Assets.xcassets */ = {isa = PBXFileReference; lastKnownFileType = folder.assetcatalog; path = Assets.xcassets; sourceTree = "<group>"; };
		7A0C014A1E5E1D2400175561 /* Base */ = {isa = PBXFileReference; lastKnownFileType = file.storyboard; name = Base; path = Base.lproj/LaunchScreen.storyboard; sourceTree = "<group>"; };
		7A0C014C1E5E1D2400175561 /* Info.plist */ = {isa = PBXFileReference; lastKnownFileType = text.plist.xml; path = Info.plist; sourceTree = "<group>"; };
		7A0C01511E5E1D2400175561 /* testTests.xctest */ = {isa = PBXFileReference; explicitFileType = wrapper.cfbundle; includeInIndex = 0; path = testTests.xctest; sourceTree = BUILT_PRODUCTS_DIR; };
		7A0C01551E5E1D2400175561 /* testTests.swift */ = {isa = PBXFileReference; lastKnownFileType = sourcecode.swift; path = testTests.swift; sourceTree = "<group>"; };
		7A0C01571E5E1D2400175561 /* Info.plist */ = {isa = PBXFileReference; lastKnownFileType = text.plist.xml; path = Info.plist; sourceTree = "<group>"; };
		7A0C015C1E5E1D2400175561 /* testUITests.xctest */ = {isa = PBXFileReference; explicitFileType = wrapper.cfbundle; includeInIndex = 0; path = testUITests.xctest; sourceTree = BUILT_PRODUCTS_DIR; };
		7A0C01601E5E1D2400175561 /* testUITests.swift */ = {isa = PBXFileReference; lastKnownFileType = sourcecode.swift; path = testUITests.swift; sourceTree = "<group>"; };
		7A0C01621E5E1D2400175561 /* Info.plist */ = {isa = PBXFileReference; lastKnownFileType = text.plist.xml; path = Info.plist; sourceTree = "<group>"; };
/* End PBXFileReference section */

/* Begin PBXFrameworksBuildPhase section */
		7A0C013A1E5E1D2400175561 /* Frameworks */ = {
			isa = PBXFrameworksBuildPhase;
			buildActionMask = 2147483647;
			files = (
			);
			runOnlyForDeploymentPostprocessing = 0;
		};
		7A0C014E1E5E1D2400175561 /* Frameworks */ = {
			isa = PBXFrameworksBuildPhase;
			buildActionMask = 2147483647;
			files = (
			);
			runOnlyForDeploymentPostprocessing = 0;
		};
		7A0C01591E5E1D2400175561 /* Frameworks */ = {
			isa = PBXFrameworksBuildPhase;
			buildActionMask = 2147483647;
			files = (
			);
			runOnlyForDeploymentPostprocessing = 0;
		};
/* End PBXFrameworksBuildPhase section */

/* Begin PBXGroup section */
		7A0C01341E5E1D2400175561 = {
			isa = PBXGroup;
			children = (
				7A0C013F1E5E1D2400175561 /* test */,
				7A0C01541E5E1D2400175561 /* testTests */,
				7A0C015F1E5E1D2400175561 /* testUITests */,
				7A0C013E1E5E1D2400175561 /* Products */,
			);
			sourceTree = "<group>";
		};
		7A0C013E1E5E1D2400175561 /* Products */ = {
			isa = PBXGroup;
			children = (
				7A0C013D1E5E1D2400175561 /* test.app */,
				7A0C01511E5E1D2400175561 /* testTests.xctest */,
				7A0C015C1E5E1D2400175561 /* testUITests.xctest */,
			);
			name = Products;
			sourceTree = "<group>";
		};
		7A0C013F1E5E1D2400175561 /* test */ = {
			isa = PBXGroup;
			children = (
				7A0C01401E5E1D2400175561 /* AppDelegate.swift */,
				7A0C01421E5E1D2400175561 /* ViewController.swift */,
				7A0C01441E5E1D2400175561 /* Main.storyboard */,
				7A0C01471E5E1D2400175561 /* Assets.xcassets */,
				7A0C01491E5E1D2400175561 /* LaunchScreen.storyboard */,
				7A0C014C1E5E1D2400175561 /* Info.plist */,
			);
			path = test;
			sourceTree = "<group>";
		};
		7A0C01541E5E1D2400175561 /* testTests */ = {
			isa = PBXGroup;
			children = (
				7A0C01551E5E1D2400175561 /* testTests.swift */,
				7A0C01571E5E1D2400175561 /* Info.plist */,
			);
			path = testTests;
			sourceTree = "<group>";
		};
		7A0C015F1E5E1D2400175561 /* testUITests */ = {
			isa = PBXGroup;
			children = (
				7A0C01601E5E1D2400175561 /* testUITests.swift */,
				7A0C01621E5E1D2400175561 /* Info.plist */,
			);
			path = testUITests;
			sourceTree = "<group>";
		};
/* End PBXGroup section */

/* Begin PBXNativeTarget section */
		7A0C013C1E5E1D2400175561 /* test */ = {
			isa = PBXNativeTarget;
			buildConfigurationList = 7A0C01651E5E1D2400175561 /* Build configuration list for PBXNativeTarget "test" */;
			buildPhases = (
				7A0C01391E5E1D2400175561 /* Sources */,
				7A0C013A1E5E1D2400175561 /* Frameworks */,
				7A0C013B1E5E1D2400175561 /* Resources */,
			);
			buildRules = (
			);
			dependencies = (
			);
			name = test;
			productName = test;
			productReference = 7A0C013D1E5E1D2400175561 /* test.app */;
			productType = "com.apple.product-type.application";
		};
		7A0C01501E5E1D2400175561 /* testTests */ = {
			isa = PBXNativeTarget;
			buildConfigurationList = 7A0C01681E5E1D2400175561 /* Build configuration list for PBXNativeTarget "testTests" */;
			buildPhases = (
				7A0C014D1E5E1D2400175561 /* Sources */,
				7A0C014E1E5E1D2400175561 /* Frameworks */,
				7A0C014F1E5E1D2400175561 /* Resources */,
			);
			buildRules = (
			);
			dependencies = (
				7A0C01531E5E1D2400175561 /* PBXTargetDependency */,
			);
			name = testTests;
			productName = testTests;
			productReference = 7A0C01511E5E1D2400175561 /* testTests.xctest */;
			productType = "com.apple.product-type.bundle.unit-test";
		};
		7A0C015B1E5E1D2400175561 /* testUITests */ = {
			isa = PBXNativeTarget;
			buildConfigurationList = 7A0C016B1E5E1D2400175561 /* Build configuration list for PBXNativeTarget "testUITests" */;
			buildPhases = (
				7A0C01581E5E1D2400175561 /* Sources */,
				7A0C01591E5E1D2400175561 /* Frameworks */,
				7A0C015A1E5E1D2400175561 /* Resources */,
			);
			buildRules = (
			);
			dependencies = (
				7A0C015E1E5E1D2400175561 /* PBXTargetDependency */,
			);
			name = testUITests;
			productName = testUITests;
			productReference = 7A0C015C1E5E1D2400175561 /* testUITests.xctest */;
			productType = "com.apple.product-type.bundle.ui-testing";
		};
/* End PBXNativeTarget section */

/* Begin PBXProject section */
		7A0C01351E5E1D2400175561 /* Project object */ = {
			isa = PBXProject;
			attributes = {
				LastSwiftUpdateCheck = 0820;
				LastUpgradeCheck = 0820;
				ORGANIZATIONNAME = "Dowon Lee";
				TargetAttributes = {
					7A0C013C1E5E1D2400175561 = {
						CreatedOnToolsVersion = 8.2.1;
						DevelopmentTeam = 3MCT36F6J9;
						ProvisioningStyle = Automatic;
					};
					7A0C01501E5E1D2400175561 = {
						CreatedOnToolsVersion = 8.2.1;
						DevelopmentTeam = 3MCT36F6J9;
						ProvisioningStyle = Automatic;
						TestTargetID = 7A0C013C1E5E1D2400175561;
					};
					7A0C015B1E5E1D2400175561 = {
						CreatedOnToolsVersion = 8.2.1;
						DevelopmentTeam = 3MCT36F6J9;
						ProvisioningStyle = Automatic;
						TestTargetID = 7A0C013C1E5E1D2400175561;
					};
				};
			};
			buildConfigurationList = 7A0C01381E5E1D2400175561 /* Build configuration list for PBXProject "test" */;
			compatibilityVersion = "Xcode 3.2";
			developmentRegion = English;
			hasScannedForEncodings = 0;
			knownRegions = (
				en,
				Base,
			);
			mainGroup = 7A0C01341E5E1D2400175561;
			productRefGroup = 7A0C013E1E5E1D2400175561 /* Products */;
			projectDirPath = "";
			projectRoot = "";
			targets = (
				7A0C013C1E5E1D2400175561 /* test */,
				7A0C01501E5E1D2400175561 /* testTests */,
				7A0C015B1E5E1D2400175561 /* testUITests */,
			);
		};
/* End PBXProject section */

/* Begin PBXResourcesBuildPhase section */
		7A0C013B1E5E1D2400175561 /* Resources */ = {
			isa = PBXResourcesBuildPhase;
			buildActionMask = 2147483647;
			files = (
				7A0C014B1E5E1D2400175561 /* LaunchScreen.storyboard in Resources */,
				7A0C01481E5E1D2400175561 /* Assets.xcassets in Resources */,
				7A0C01461E5E1D2400175561 /* Main.storyboard in Resources */,
			);
			runOnlyForDeploymentPostprocessing = 0;
		};
		7A0C014F1E5E1D2400175561 /* Resources */ = {
			isa = PBXResourcesBuildPhase;
			buildActionMask = 2147483647;
			files = (
			);
			runOnlyForDeploymentPostprocessing = 0;
		};
		7A0C015A1E5E1D2400175561 /* Resources */ = {
			isa = PBXResourcesBuildPhase;
			buildActionMask = 2147483647;
			files = (
			);
			runOnlyForDeploymentPostprocessing = 0;
		};
/* End PBXResourcesBuildPhase section */

/* Begin PBXSourcesBuildPhase section */
		7A0C01391E5E1D2400175561 /* Sources */ = {
			isa = PBXSourcesBuildPhase;
			buildActionMask = 2147483647;
			files = (
				7A0C01431E5E1D2400175561 /* ViewController.swift in Sources */,
				7A0C01411E5E1D2400175561 /* AppDelegate.swift in Sources */,
			);
			runOnlyForDeploymentPostprocessing = 0;
		};
		7A0C014D1E5E1D2400175561 /* Sources */ = {
			isa = PBXSourcesBuildPhase;
			buildActionMask = 2147483647;
			files = (
				7A0C01561E5E1D2400175561 /* testTests.swift in Sources */,
			);
			runOnlyForDeploymentPostprocessing = 0;
		};
		7A0C01581E5E1D2400175561 /* Sources */ = {
			isa = PBXSourcesBuildPhase;
			buildActionMask = 2147483647;
			files = (
				7A0C01611E5E1D2400175561 /* testUITests.swift in Sources */,
			);
			runOnlyForDeploymentPostprocessing = 0;
		};
/* End PBXSourcesBuildPhase section */

/* Begin PBXTargetDependency section */
		7A0C01531E5E1D2400175561 /* PBXTargetDependency */ = {
			isa = PBXTargetDependency;
			target = 7A0C013C1E5E1D2400175561 /* test */;
			targetProxy = 7A0C01521E5E1D2400175561 /* PBXContainerItemProxy */;
		};
		7A0C015E1E5E1D2400175561 /* PBXTargetDependency */ = {
			isa = PBXTargetDependency;
			target = 7A0C013C1E5E1D2400175561 /* test */;
			targetProxy = 7A0C015D1E5E1D2400175561 /* PBXContainerItemProxy */;
		};
/* End PBXTargetDependency section */

/* Begin PBXVariantGroup section */
		7A0C01441E5E1D2400175561 /* Main.storyboard */ = {
			isa = PBXVariantGroup;
			children = (
				7A0C01451E5E1D2400175561 /* Base */,
			);
			name = Main.storyboard;
			sourceTree = "<group>";
		};
		7A0C01491E5E1D2400175561 /* LaunchScreen.storyboard */ = {
			isa = PBXVariantGroup;
			children = (
				7A0C014A1E5E1D2400175561 /* Base */,
			);
			name = LaunchScreen.storyboard;
			sourceTree = "<group>";
		};
/* End PBXVariantGroup section */

/* Begin XCBuildConfiguration section */
		7A0C01631E5E1D2400175561 /* Debug */ = {
			isa = XCBuildConfiguration;
			buildSettings = {
				ALWAYS_SEARCH_USER_PATHS = NO;
				CLANG_ANALYZER_NONNULL = YES;
				CLANG_CXX_LANGUAGE_STANDARD = "gnu++0x";
				CLANG_CXX_LIBRARY = "libc++";
				CLANG_ENABLE_MODULES = YES;
				CLANG_ENABLE_OBJC_ARC = YES;
				CLANG_WARN_BOOL_CONVERSION = YES;
				CLANG_WARN_CONSTANT_CONVERSION = YES;
				CLANG_WARN_DIRECT_OBJC_ISA_USAGE = YES_ERROR;
				CLANG_WARN_DOCUMENTATION_COMMENTS = YES;
				CLANG_WARN_EMPTY_BODY = YES;
				CLANG_WARN_ENUM_CONVERSION = YES;
				CLANG_WARN_INFINITE_RECURSION = YES;
				CLANG_WARN_INT_CONVERSION = YES;
				CLANG_WARN_OBJC_ROOT_CLASS = YES_ERROR;
				CLANG_WARN_SUSPICIOUS_MOVE = YES;
				CLANG_WARN_UNREACHABLE_CODE = YES;
				CLANG_WARN__DUPLICATE_METHOD_MATCH = YES;
				"CODE_SIGN_IDENTITY[sdk=iphoneos*]" = "iPhone Developer";
				COPY_PHASE_STRIP = NO;
				DEBUG_INFORMATION_FORMAT = dwarf;
				ENABLE_STRICT_OBJC_MSGSEND = YES;
				ENABLE_TESTABILITY = YES;
				GCC_C_LANGUAGE_STANDARD = gnu99;
				GCC_DYNAMIC_NO_PIC = NO;
				GCC_NO_COMMON_BLOCKS = YES;
				GCC_OPTIMIZATION_LEVEL = 0;
				GCC_PREPROCESSOR_DEFINITIONS = (
					"DEBUG=1",
					"$(inherited)",
				);
				GCC_WARN_64_TO_32_BIT_CONVERSION = YES;
				GCC_WARN_ABOUT_RETURN_TYPE = YES_ERROR;
				GCC_WARN_UNDECLARED_SELECTOR = YES;
				GCC_WARN_UNINITIALIZED_AUTOS = YES_AGGRESSIVE;
				GCC_WARN_UNUSED_FUNCTION = YES;
				GCC_WARN_UNUSED_VARIABLE = YES;
				IPHONEOS_DEPLOYMENT_TARGET = 10.2;
				MTL_ENABLE_DEBUG_INFO = YES;
				ONLY_ACTIVE_ARCH = YES;
				SDKROOT = iphoneos;
				SWIFT_ACTIVE_COMPILATION_CONDITIONS = DEBUG;
				SWIFT_OPTIMIZATION_LEVEL = "-Onone";
				TARGETED_DEVICE_FAMILY = "1,2";
			};
			name = Debug;
		};
		7A0C01641E5E1D2400175561 /* Release */ = {
			isa = XCBuildConfiguration;
			buildSettings = {
				ALWAYS_SEARCH_USER_PATHS = NO;
				CLANG_ANALYZER_NONNULL = YES;
				CLANG_CXX_LANGUAGE_STANDARD = "gnu++0x";
				CLANG_CXX_LIBRARY = "libc++";
				CLANG_ENABLE_MODULES = YES;
				CLANG_ENABLE_OBJC_ARC = YES;
				CLANG_WARN_BOOL_CONVERSION = YES;
				CLANG_WARN_CONSTANT_CONVERSION = YES;
				CLANG_WARN_DIRECT_OBJC_ISA_USAGE = YES_ERROR;
				CLANG_WARN_DOCUMENTATION_COMMENTS = YES;
				CLANG_WARN_EMPTY_BODY = YES;
				CLANG_WARN_ENUM_CONVERSION = YES;
				CLANG_WARN_INFINITE_RECURSION = YES;
				CLANG_WARN_INT_CONVERSION = YES;
				CLANG_WARN_OBJC_ROOT_CLASS = YES_ERROR;
				CLANG_WARN_SUSPICIOUS_MOVE = YES;
				CLANG_WARN_UNREACHABLE_CODE = YES;
				CLANG_WARN__DUPLICATE_METHOD_MATCH = YES;
				"CODE_SIGN_IDENTITY[sdk=iphoneos*]" = "iPhone Developer";
				COPY_PHASE_STRIP = NO;
				DEBUG_INFORMATION_FORMAT = "dwarf-with-dsym";
				ENABLE_NS_ASSERTIONS = NO;
				ENABLE_STRICT_OBJC_MSGSEND = YES;
				GCC_C_LANGUAGE_STANDARD = gnu99;
				GCC_NO_COMMON_BLOCKS = YES;
				GCC_WARN_64_TO_32_BIT_CONVERSION = YES;
				GCC_WARN_ABOUT_RETURN_TYPE = YES_ERROR;
				GCC_WARN_UNDECLARED_SELECTOR = YES;
				GCC_WARN_UNINITIALIZED_AUTOS = YES_AGGRESSIVE;
				GCC_WARN_UNUSED_FUNCTION = YES;
				GCC_WARN_UNUSED_VARIABLE = YES;
				IPHONEOS_DEPLOYMENT_TARGET = 10.2;
				MTL_ENABLE_DEBUG_INFO = NO;
				SDKROOT = iphoneos;
				SWIFT_OPTIMIZATION_LEVEL = "-Owholemodule";
				TARGETED_DEVICE_FAMILY = "1,2";
				VALIDATE_PRODUCT = YES;
			};
			name = Release;
		};
		7A0C01661E5E1D2400175561 /* Debug */ = {
			isa = XCBuildConfiguration;
			buildSettings = {
				ASSETCATALOG_COMPILER_APPICON_NAME = AppIcon;
				DEVELOPMENT_TEAM = 3MCT36F6J9;
				INFOPLIST_FILE = test/Info.plist;
				LD_RUNPATH_SEARCH_PATHS = "$(inherited) @executable_path/Frameworks";
				PRODUCT_BUNDLE_IDENTIFIER = com.DowonLee.test;
				PRODUCT_NAME = "$(TARGET_NAME)";
				SWIFT_VERSION = 3.0;
			};
			name = Debug;
		};
		7A0C01671E5E1D2400175561 /* Release */ = {
			isa = XCBuildConfiguration;
			buildSettings = {
				ASSETCATALOG_COMPILER_APPICON_NAME = AppIcon;
				DEVELOPMENT_TEAM = 3MCT36F6J9;
				INFOPLIST_FILE = test/Info.plist;
				LD_RUNPATH_SEARCH_PATHS = "$(inherited) @executable_path/Frameworks";
				PRODUCT_BUNDLE_IDENTIFIER = com.DowonLee.test;
				PRODUCT_NAME = "$(TARGET_NAME)";
				SWIFT_VERSION = 3.0;
			};
			name = Release;
		};
		7A0C01691E5E1D2400175561 /* Debug */ = {
			isa = XCBuildConfiguration;
			buildSettings = {
				ALWAYS_EMBED_SWIFT_STANDARD_LIBRARIES = YES;
				BUNDLE_LOADER = "$(TEST_HOST)";
				DEVELOPMENT_TEAM = 3MCT36F6J9;
				INFOPLIST_FILE = testTests/Info.plist;
				LD_RUNPATH_SEARCH_PATHS = "$(inherited) @executable_path/Frameworks @loader_path/Frameworks";
				PRODUCT_BUNDLE_IDENTIFIER = com.DowonLee.testTests;
				PRODUCT_NAME = "$(TARGET_NAME)";
				SWIFT_VERSION = 3.0;
				TEST_HOST = "$(BUILT_PRODUCTS_DIR)/test.app/test";
			};
			name = Debug;
		};
		7A0C016A1E5E1D2400175561 /* Release */ = {
			isa = XCBuildConfiguration;
			buildSettings = {
				ALWAYS_EMBED_SWIFT_STANDARD_LIBRARIES = YES;
				BUNDLE_LOADER = "$(TEST_HOST)";
				DEVELOPMENT_TEAM = 3MCT36F6J9;
				INFOPLIST_FILE = testTests/Info.plist;
				LD_RUNPATH_SEARCH_PATHS = "$(inherited) @executable_path/Frameworks @loader_path/Frameworks";
				PRODUCT_BUNDLE_IDENTIFIER = com.DowonLee.testTests;
				PRODUCT_NAME = "$(TARGET_NAME)";
				SWIFT_VERSION = 3.0;
				TEST_HOST = "$(BUILT_PRODUCTS_DIR)/test.app/test";
			};
			name = Release;
		};
		7A0C016C1E5E1D2400175561 /* Debug */ = {
			isa = XCBuildConfiguration;
			buildSettings = {
				ALWAYS_EMBED_SWIFT_STANDARD_LIBRARIES = YES;
				DEVELOPMENT_TEAM = 3MCT36F6J9;
				INFOPLIST_FILE = testUITests/Info.plist;
				LD_RUNPATH_SEARCH_PATHS = "$(inherited) @executable_path/Frameworks @loader_path/Frameworks";
				PRODUCT_BUNDLE_IDENTIFIER = com.DowonLee.testUITests;
				PRODUCT_NAME = "$(TARGET_NAME)";
				SWIFT_VERSION = 3.0;
				TEST_TARGET_NAME = test;
			};
			name = Debug;
		};
		7A0C016D1E5E1D2400175561 /* Release */ = {
			isa = XCBuildConfiguration;
			buildSettings = {
				ALWAYS_EMBED_SWIFT_STANDARD_LIBRARIES = YES;
				DEVELOPMENT_TEAM = 3MCT36F6J9;
				INFOPLIST_FILE = testUITests/Info.plist;
				LD_RUNPATH_SEARCH_PATHS = "$(inherited) @executable_path/Frameworks @loader_path/Frameworks";
				PRODUCT_BUNDLE_IDENTIFIER = com.DowonLee.testUITests;
				PRODUCT_NAME = "$(TARGET_NAME)";
				SWIFT_VERSION = 3.0;
				TEST_TARGET_NAME = test;
			};
			name = Release;
		};
/* End XCBuildConfiguration section */

/* Begin XCConfigurationList section */
		7A0C01381E5E1D2400175561 /* Build configuration list for PBXProject "test" */ = {
			isa = XCConfigurationList;
			buildConfigurations = (
				7A0C01631E5E1D2400175561 /* Debug */,
				7A0C01641E5E1D2400175561 /* Release */,
			);
			defaultConfigurationIsVisible = 0;
			defaultConfigurationName = Release;
		};
		7A0C01651E5E1D2400175561 /* Build configuration list for PBXNativeTarget "test" */ = {
			isa = XCConfigurationList;
			buildConfigurations = (
				7A0C01661E5E1D2400175561 /* Debug */,
				7A0C01671E5E1D2400175561 /* Release */,
			);
			defaultConfigurationIsVisible = 0;
		};
		7A0C01681E5E1D2400175561 /* Build configuration list for PBXNativeTarget "testTests" */ = {
			isa = XCConfigurationList;
			buildConfigurations = (
				7A0C01691E5E1D2400175561 /* Debug */,
				7A0C016A1E5E1D2400175561 /* Release */,
			);
			defaultConfigurationIsVisible = 0;
		};
		7A0C016B1E5E1D2400175561 /* Build configuration list for PBXNativeTarget "testUITests" */ = {
			isa = XCConfigurationList;
			buildConfigurations = (
				7A0C016C1E5E1D2400175561 /* Debug */,
				7A0C016D1E5E1D2400175561 /* Release */,
			);
			defaultConfigurationIsVisible = 0;
		};
/* End XCConfigurationList section */
	};
	rootObject = 7A0C01351E5E1D2400175561 /* Project object */;
}
